// !$*UTF8*$!
{
	archiveVersion = 1;
	classes = {
	};
	objectVersion = 46;
	objects = {

/* Begin PBXBuildFile section */
		5F238ACD1CBCE45900CAE162 /* main.m in Sources */ = {isa = PBXBuildFile; fileRef = 5F238ACC1CBCE45900CAE162 /* main.m */; };
		5F238AD01CBCE45900CAE162 /* AppDelegate.m in Sources */ = {isa = PBXBuildFile; fileRef = 5F238ACF1CBCE45900CAE162 /* AppDelegate.m */; };
		5F238AD31CBCE45900CAE162 /* ViewController.m in Sources */ = {isa = PBXBuildFile; fileRef = 5F238AD21CBCE45900CAE162 /* ViewController.m */; };
		5F238AD61CBCE45900CAE162 /* Main.storyboard in Resources */ = {isa = PBXBuildFile; fileRef = 5F238AD41CBCE45900CAE162 /* Main.storyboard */; };
		5F238AD81CBCE45900CAE162 /* Assets.xcassets in Resources */ = {isa = PBXBuildFile; fileRef = 5F238AD71CBCE45900CAE162 /* Assets.xcassets */; };
		5F238ADB1CBCE45900CAE162 /* LaunchScreen.storyboard in Resources */ = {isa = PBXBuildFile; fileRef = 5F238AD91CBCE45900CAE162 /* LaunchScreen.storyboard */; };
		5F238AE61CBCE45900CAE162 /* QRCodeTests.m in Sources */ = {isa = PBXBuildFile; fileRef = 5F238AE51CBCE45900CAE162 /* QRCodeTests.m */; };
		5F238AF11CBCE45900CAE162 /* QRCodeUITests.m in Sources */ = {isa = PBXBuildFile; fileRef = 5F238AF01CBCE45900CAE162 /* QRCodeUITests.m */; };
/* End PBXBuildFile section */

/* Begin PBXContainerItemProxy section */
		5F238AE21CBCE45900CAE162 /* PBXContainerItemProxy */ = {
			isa = PBXContainerItemProxy;
			containerPortal = 5F238AC01CBCE45800CAE162 /* Project object */;
			proxyType = 1;
			remoteGlobalIDString = 5F238AC71CBCE45800CAE162;
			remoteInfo = QRCode;
		};
		5F238AED1CBCE45900CAE162 /* PBXContainerItemProxy */ = {
			isa = PBXContainerItemProxy;
			containerPortal = 5F238AC01CBCE45800CAE162 /* Project object */;
			proxyType = 1;
			remoteGlobalIDString = 5F238AC71CBCE45800CAE162;
			remoteInfo = QRCode;
		};
/* End PBXContainerItemProxy section */

/* Begin PBXFileReference section */
		5F238AC81CBCE45800CAE162 /* QRCode.app */ = {isa = PBXFileReference; explicitFileType = wrapper.application; includeInIndex = 0; path = QRCode.app; sourceTree = BUILT_PRODUCTS_DIR; };
		5F238ACC1CBCE45900CAE162 /* main.m */ = {isa = PBXFileReference; lastKnownFileType = sourcecode.c.objc; path = main.m; sourceTree = "<group>"; };
		5F238ACE1CBCE45900CAE162 /* AppDelegate.h */ = {isa = PBXFileReference; lastKnownFileType = sourcecode.c.h; path = AppDelegate.h; sourceTree = "<group>"; };
		5F238ACF1CBCE45900CAE162 /* AppDelegate.m */ = {isa = PBXFileReference; lastKnownFileType = sourcecode.c.objc; path = AppDelegate.m; sourceTree = "<group>"; };
		5F238AD11CBCE45900CAE162 /* ViewController.h */ = {isa = PBXFileReference; lastKnownFileType = sourcecode.c.h; path = ViewController.h; sourceTree = "<group>"; };
		5F238AD21CBCE45900CAE162 /* ViewController.m */ = {isa = PBXFileReference; lastKnownFileType = sourcecode.c.objc; path = ViewController.m; sourceTree = "<group>"; };
		5F238AD51CBCE45900CAE162 /* Base */ = {isa = PBXFileReference; lastKnownFileType = file.storyboard; name = Base; path = Base.lproj/Main.storyboard; sourceTree = "<group>"; };
		5F238AD71CBCE45900CAE162 /* Assets.xcassets */ = {isa = PBXFileReference; lastKnownFileType = folder.assetcatalog; path = Assets.xcassets; sourceTree = "<group>"; };
		5F238ADA1CBCE45900CAE162 /* Base */ = {isa = PBXFileReference; lastKnownFileType = file.storyboard; name = Base; path = Base.lproj/LaunchScreen.storyboard; sourceTree = "<group>"; };
		5F238ADC1CBCE45900CAE162 /* Info.plist */ = {isa = PBXFileReference; lastKnownFileType = text.plist.xml; path = Info.plist; sourceTree = "<group>"; };
		5F238AE11CBCE45900CAE162 /* QRCodeTests.xctest */ = {isa = PBXFileReference; explicitFileType = wrapper.cfbundle; includeInIndex = 0; path = QRCodeTests.xctest; sourceTree = BUILT_PRODUCTS_DIR; };
		5F238AE51CBCE45900CAE162 /* QRCodeTests.m */ = {isa = PBXFileReference; lastKnownFileType = sourcecode.c.objc; path = QRCodeTests.m; sourceTree = "<group>"; };
		5F238AE71CBCE45900CAE162 /* Info.plist */ = {isa = PBXFileReference; lastKnownFileType = text.plist.xml; path = Info.plist; sourceTree = "<group>"; };
		5F238AEC1CBCE45900CAE162 /* QRCodeUITests.xctest */ = {isa = PBXFileReference; explicitFileType = wrapper.cfbundle; includeInIndex = 0; path = QRCodeUITests.xctest; sourceTree = BUILT_PRODUCTS_DIR; };
		5F238AF01CBCE45900CAE162 /* QRCodeUITests.m */ = {isa = PBXFileReference; lastKnownFileType = sourcecode.c.objc; path = QRCodeUITests.m; sourceTree = "<group>"; };
		5F238AF21CBCE45900CAE162 /* Info.plist */ = {isa = PBXFileReference; lastKnownFileType = text.plist.xml; path = Info.plist; sourceTree = "<group>"; };
/* End PBXFileReference section */

/* Begin PBXFrameworksBuildPhase section */
		5F238AC51CBCE45800CAE162 /* Frameworks */ = {
			isa = PBXFrameworksBuildPhase;
			buildActionMask = 2147483647;
			files = (
			);
			runOnlyForDeploymentPostprocessing = 0;
		};
		5F238ADE1CBCE45900CAE162 /* Frameworks */ = {
			isa = PBXFrameworksBuildPhase;
			buildActionMask = 2147483647;
			files = (
			);
			runOnlyForDeploymentPostprocessing = 0;
		};
		5F238AE91CBCE45900CAE162 /* Frameworks */ = {
			isa = PBXFrameworksBuildPhase;
			buildActionMask = 2147483647;
			files = (
			);
			runOnlyForDeploymentPostprocessing = 0;
		};
/* End PBXFrameworksBuildPhase section */

/* Begin PBXGroup section */
		5F238ABF1CBCE45800CAE162 = {
			isa = PBXGroup;
			children = (
				5F238ACA1CBCE45900CAE162 /* QRCode */,
				5F238AE41CBCE45900CAE162 /* QRCodeTests */,
				5F238AEF1CBCE45900CAE162 /* QRCodeUITests */,
				5F238AC91CBCE45800CAE162 /* Products */,
			);
			sourceTree = "<group>";
		};
		5F238AC91CBCE45800CAE162 /* Products */ = {
			isa = PBXGroup;
			children = (
				5F238AC81CBCE45800CAE162 /* QRCode.app */,
				5F238AE11CBCE45900CAE162 /* QRCodeTests.xctest */,
				5F238AEC1CBCE45900CAE162 /* QRCodeUITests.xctest */,
			);
			name = Products;
			sourceTree = "<group>";
		};
		5F238ACA1CBCE45900CAE162 /* QRCode */ = {
			isa = PBXGroup;
			children = (
				5F238ACE1CBCE45900CAE162 /* AppDelegate.h */,
				5F238ACF1CBCE45900CAE162 /* AppDelegate.m */,
				5F238AD11CBCE45900CAE162 /* ViewController.h */,
				5F238AD21CBCE45900CAE162 /* ViewController.m */,
				5F238AD41CBCE45900CAE162 /* Main.storyboard */,
				5F238AD71CBCE45900CAE162 /* Assets.xcassets */,
				5F238AD91CBCE45900CAE162 /* LaunchScreen.storyboard */,
				5F238ADC1CBCE45900CAE162 /* Info.plist */,
				5F238ACB1CBCE45900CAE162 /* Supporting Files */,
			);
			path = QRCode;
			sourceTree = "<group>";
		};
		5F238ACB1CBCE45900CAE162 /* Supporting Files */ = {
			isa = PBXGroup;
			children = (
				5F238ACC1CBCE45900CAE162 /* main.m */,
			);
			name = "Supporting Files";
			sourceTree = "<group>";
		};
		5F238AE41CBCE45900CAE162 /* QRCodeTests */ = {
			isa = PBXGroup;
			children = (
				5F238AE51CBCE45900CAE162 /* QRCodeTests.m */,
				5F238AE71CBCE45900CAE162 /* Info.plist */,
			);
			path = QRCodeTests;
			sourceTree = "<group>";
		};
		5F238AEF1CBCE45900CAE162 /* QRCodeUITests */ = {
			isa = PBXGroup;
			children = (
				5F238AF01CBCE45900CAE162 /* QRCodeUITests.m */,
				5F238AF21CBCE45900CAE162 /* Info.plist */,
			);
			path = QRCodeUITests;
			sourceTree = "<group>";
		};
/* End PBXGroup section */

/* Begin PBXNativeTarget section */
		5F238AC71CBCE45800CAE162 /* QRCode */ = {
			isa = PBXNativeTarget;
			buildConfigurationList = 5F238AF51CBCE45900CAE162 /* Build configuration list for PBXNativeTarget "QRCode" */;
			buildPhases = (
				5F238AC41CBCE45800CAE162 /* Sources */,
				5F238AC51CBCE45800CAE162 /* Frameworks */,
				5F238AC61CBCE45800CAE162 /* Resources */,
			);
			buildRules = (
			);
			dependencies = (
			);
			name = QRCode;
			productName = QRCode;
			productReference = 5F238AC81CBCE45800CAE162 /* QRCode.app */;
			productType = "com.apple.product-type.application";
		};
		5F238AE01CBCE45900CAE162 /* QRCodeTests */ = {
			isa = PBXNativeTarget;
			buildConfigurationList = 5F238AF81CBCE45900CAE162 /* Build configuration list for PBXNativeTarget "QRCodeTests" */;
			buildPhases = (
				5F238ADD1CBCE45900CAE162 /* Sources */,
				5F238ADE1CBCE45900CAE162 /* Frameworks */,
				5F238ADF1CBCE45900CAE162 /* Resources */,
			);
			buildRules = (
			);
			dependencies = (
				5F238AE31CBCE45900CAE162 /* PBXTargetDependency */,
			);
			name = QRCodeTests;
			productName = QRCodeTests;
			productReference = 5F238AE11CBCE45900CAE162 /* QRCodeTests.xctest */;
			productType = "com.apple.product-type.bundle.unit-test";
		};
		5F238AEB1CBCE45900CAE162 /* QRCodeUITests */ = {
			isa = PBXNativeTarget;
			buildConfigurationList = 5F238AFB1CBCE45900CAE162 /* Build configuration list for PBXNativeTarget "QRCodeUITests" */;
			buildPhases = (
				5F238AE81CBCE45900CAE162 /* Sources */,
				5F238AE91CBCE45900CAE162 /* Frameworks */,
				5F238AEA1CBCE45900CAE162 /* Resources */,
			);
			buildRules = (
			);
			dependencies = (
				5F238AEE1CBCE45900CAE162 /* PBXTargetDependency */,
			);
			name = QRCodeUITests;
			productName = QRCodeUITests;
			productReference = 5F238AEC1CBCE45900CAE162 /* QRCodeUITests.xctest */;
			productType = "com.apple.product-type.bundle.ui-testing";
		};
/* End PBXNativeTarget section */

/* Begin PBXProject section */
		5F238AC01CBCE45800CAE162 /* Project object */ = {
			isa = PBXProject;
			attributes = {
				LastUpgradeCheck = 0730;
				ORGANIZATIONNAME = wangwenke;
				TargetAttributes = {
					5F238AC71CBCE45800CAE162 = {
						CreatedOnToolsVersion = 7.3;
					};
					5F238AE01CBCE45900CAE162 = {
						CreatedOnToolsVersion = 7.3;
						TestTargetID = 5F238AC71CBCE45800CAE162;
					};
					5F238AEB1CBCE45900CAE162 = {
						CreatedOnToolsVersion = 7.3;
						TestTargetID = 5F238AC71CBCE45800CAE162;
					};
				};
			};
			buildConfigurationList = 5F238AC31CBCE45800CAE162 /* Build configuration list for PBXProject "QRCode" */;
			compatibilityVersion = "Xcode 3.2";
			developmentRegion = English;
			hasScannedForEncodings = 0;
			knownRegions = (
				en,
				Base,
			);
			mainGroup = 5F238ABF1CBCE45800CAE162;
			productRefGroup = 5F238AC91CBCE45800CAE162 /* Products */;
			projectDirPath = "";
			projectRoot = "";
			targets = (
				5F238AC71CBCE45800CAE162 /* QRCode */,
				5F238AE01CBCE45900CAE162 /* QRCodeTests */,
				5F238AEB1CBCE45900CAE162 /* QRCodeUITests */,
			);
		};
/* End PBXProject section */

/* Begin PBXResourcesBuildPhase section */
		5F238AC61CBCE45800CAE162 /* Resources */ = {
			isa = PBXResourcesBuildPhase;
			buildActionMask = 2147483647;
			files = (
				5F238ADB1CBCE45900CAE162 /* LaunchScreen.storyboard in Resources */,
				5F238AD81CBCE45900CAE162 /* Assets.xcassets in Resources */,
				5F238AD61CBCE45900CAE162 /* Main.storyboard in Resources */,
			);
			runOnlyForDeploymentPostprocessing = 0;
		};
		5F238ADF1CBCE45900CAE162 /* Resources */ = {
			isa = PBXResourcesBuildPhase;
			buildActionMask = 2147483647;
			files = (
			);
			runOnlyForDeploymentPostprocessing = 0;
		};
		5F238AEA1CBCE45900CAE162 /* Resources */ = {
			isa = PBXResourcesBuildPhase;
			buildActionMask = 2147483647;
			files = (
			);
			runOnlyForDeploymentPostprocessing = 0;
		};
/* End PBXResourcesBuildPhase section */

/* Begin PBXSourcesBuildPhase section */
		5F238AC41CBCE45800CAE162 /* Sources */ = {
			isa = PBXSourcesBuildPhase;
			buildActionMask = 2147483647;
			files = (
				5F238AD31CBCE45900CAE162 /* ViewController.m in Sources */,
				5F238AD01CBCE45900CAE162 /* AppDelegate.m in Sources */,
				5F238ACD1CBCE45900CAE162 /* main.m in Sources */,
			);
			runOnlyForDeploymentPostprocessing = 0;
		};
		5F238ADD1CBCE45900CAE162 /* Sources */ = {
			isa = PBXSourcesBuildPhase;
			buildActionMask = 2147483647;
			files = (
				5F238AE61CBCE45900CAE162 /* QRCodeTests.m in Sources */,
			);
			runOnlyForDeploymentPostprocessing = 0;
		};
		5F238AE81CBCE45900CAE162 /* Sources */ = {
			isa = PBXSourcesBuildPhase;
			buildActionMask = 2147483647;
			files = (
				5F238AF11CBCE45900CAE162 /* QRCodeUITests.m in Sources */,
			);
			runOnlyForDeploymentPostprocessing = 0;
		};
/* End PBXSourcesBuildPhase section */

/* Begin PBXTargetDependency section */
		5F238AE31CBCE45900CAE162 /* PBXTargetDependency */ = {
			isa = PBXTargetDependency;
			target = 5F238AC71CBCE45800CAE162 /* QRCode */;
			targetProxy = 5F238AE21CBCE45900CAE162 /* PBXContainerItemProxy */;
		};
		5F238AEE1CBCE45900CAE162 /* PBXTargetDependency */ = {
			isa = PBXTargetDependency;
			target = 5F238AC71CBCE45800CAE162 /* QRCode */;
			targetProxy = 5F238AED1CBCE45900CAE162 /* PBXContainerItemProxy */;
		};
/* End PBXTargetDependency section */

/* Begin PBXVariantGroup section */
		5F238AD41CBCE45900CAE162 /* Main.storyboard */ = {
			isa = PBXVariantGroup;
			children = (
				5F238AD51CBCE45900CAE162 /* Base */,
			);
			name = Main.storyboard;
			sourceTree = "<group>";
		};
		5F238AD91CBCE45900CAE162 /* LaunchScreen.storyboard */ = {
			isa = PBXVariantGroup;
			children = (
				5F238ADA1CBCE45900CAE162 /* Base */,
			);
			name = LaunchScreen.storyboard;
			sourceTree = "<group>";
		};
/* End PBXVariantGroup section */

/* Begin XCBuildConfiguration section */
		5F238AF31CBCE45900CAE162 /* Debug */ = {
			isa = XCBuildConfiguration;
			buildSettings = {
				ALWAYS_SEARCH_USER_PATHS = NO;
				CLANG_ANALYZER_NONNULL = YES;
				CLANG_CXX_LANGUAGE_STANDARD = "gnu++0x";
				CLANG_CXX_LIBRARY = "libc++";
				CLANG_ENABLE_MODULES = YES;
				CLANG_ENABLE_OBJC_ARC = YES;
				CLANG_WARN_BOOL_CONVERSION = YES;
				CLANG_WARN_CONSTANT_CONVERSION = YES;
				CLANG_WARN_DIRECT_OBJC_ISA_USAGE = YES_ERROR;
				CLANG_WARN_EMPTY_BODY = YES;
				CLANG_WARN_ENUM_CONVERSION = YES;
				CLANG_WARN_INT_CONVERSION = YES;
				CLANG_WARN_OBJC_ROOT_CLASS = YES_ERROR;
				CLANG_WARN_UNREACHABLE_CODE = YES;
				CLANG_WARN__DUPLICATE_METHOD_MATCH = YES;
				"CODE_SIGN_IDENTITY[sdk=iphoneos*]" = "iPhone Developer";
				COPY_PHASE_STRIP = NO;
				DEBUG_INFORMATION_FORMAT = dwarf;
				ENABLE_STRICT_OBJC_MSGSEND = YES;
				ENABLE_TESTABILITY = YES;
				GCC_C_LANGUAGE_STANDARD = gnu99;
				GCC_DYNAMIC_NO_PIC = NO;
				GCC_NO_COMMON_BLOCKS = YES;
				GCC_OPTIMIZATION_LEVEL = 0;
				GCC_PREPROCESSOR_DEFINITIONS = (
					"DEBUG=1",
					"$(inherited)",
				);
				GCC_WARN_64_TO_32_BIT_CONVERSION = YES;
				GCC_WARN_ABOUT_RETURN_TYPE = YES_ERROR;
				GCC_WARN_UNDECLARED_SELECTOR = YES;
				GCC_WARN_UNINITIALIZED_AUTOS = YES_AGGRESSIVE;
				GCC_WARN_UNUSED_FUNCTION = YES;
				GCC_WARN_UNUSED_VARIABLE = YES;
				IPHONEOS_DEPLOYMENT_TARGET = 9.3;
				MTL_ENABLE_DEBUG_INFO = YES;
				ONLY_ACTIVE_ARCH = YES;
				SDKROOT = iphoneos;
				TARGETED_DEVICE_FAMILY = "1,2";
			};
			name = Debug;
		};
		5F238AF41CBCE45900CAE162 /* Release */ = {
			isa = XCBuildConfiguration;
			buildSettings = {
				ALWAYS_SEARCH_USER_PATHS = NO;
				CLANG_ANALYZER_NONNULL = YES;
				CLANG_CXX_LANGUAGE_STANDARD = "gnu++0x";
				CLANG_CXX_LIBRARY = "libc++";
				CLANG_ENABLE_MODULES = YES;
				CLANG_ENABLE_OBJC_ARC = YES;
				CLANG_WARN_BOOL_CONVERSION = YES;
				CLANG_WARN_CONSTANT_CONVERSION = YES;
				CLANG_WARN_DIRECT_OBJC_ISA_USAGE = YES_ERROR;
				CLANG_WARN_EMPTY_BODY = YES;
				CLANG_WARN_ENUM_CONVERSION = YES;
				CLANG_WARN_INT_CONVERSION = YES;
				CLANG_WARN_OBJC_ROOT_CLASS = YES_ERROR;
				CLANG_WARN_UNREACHABLE_CODE = YES;
				CLANG_WARN__DUPLICATE_METHOD_MATCH = YES;
				"CODE_SIGN_IDENTITY[sdk=iphoneos*]" = "iPhone Developer";
				COPY_PHASE_STRIP = NO;
				DEBUG_INFORMATION_FORMAT = "dwarf-with-dsym";
				ENABLE_NS_ASSERTIONS = NO;
				ENABLE_STRICT_OBJC_MSGSEND = YES;
				GCC_C_LANGUAGE_STANDARD = gnu99;
				GCC_NO_COMMON_BLOCKS = YES;
				GCC_WARN_64_TO_32_BIT_CONVERSION = YES;
				GCC_WARN_ABOUT_RETURN_TYPE = YES_ERROR;
				GCC_WARN_UNDECLARED_SELECTOR = YES;
				GCC_WARN_UNINITIALIZED_AUTOS = YES_AGGRESSIVE;
				GCC_WARN_UNUSED_FUNCTION = YES;
				GCC_WARN_UNUSED_VARIABLE = YES;
				IPHONEOS_DEPLOYMENT_TARGET = 9.3;
				MTL_ENABLE_DEBUG_INFO = NO;
				SDKROOT = iphoneos;
				TARGETED_DEVICE_FAMILY = "1,2";
				VALIDATE_PRODUCT = YES;
			};
			name = Release;
		};
		5F238AF61CBCE45900CAE162 /* Debug */ = {
			isa = XCBuildConfiguration;
			buildSettings = {
				ASSETCATALOG_COMPILER_APPICON_NAME = AppIcon;
				INFOPLIST_FILE = QRCode/Info.plist;
				LD_RUNPATH_SEARCH_PATHS = "$(inherited) @executable_path/Frameworks";
				PRODUCT_BUNDLE_IDENTIFIER = com.baidu.QRCode;
				PRODUCT_NAME = "$(TARGET_NAME)";
			};
			name = Debug;
		};
		5F238AF71CBCE45900CAE162 /* Release */ = {
			isa = XCBuildConfiguration;
			buildSettings = {
				ASSETCATALOG_COMPILER_APPICON_NAME = AppIcon;
				INFOPLIST_FILE = QRCode/Info.plist;
				LD_RUNPATH_SEARCH_PATHS = "$(inherited) @executable_path/Frameworks";
				PRODUCT_BUNDLE_IDENTIFIER = com.baidu.QRCode;
				PRODUCT_NAME = "$(TARGET_NAME)";
			};
			name = Release;
		};
		5F238AF91CBCE45900CAE162 /* Debug */ = {
			isa = XCBuildConfiguration;
			buildSettings = {
				BUNDLE_LOADER = "$(TEST_HOST)";
				INFOPLIST_FILE = QRCodeTests/Info.plist;
				LD_RUNPATH_SEARCH_PATHS = "$(inherited) @executable_path/Frameworks @loader_path/Frameworks";
				PRODUCT_BUNDLE_IDENTIFIER = com.baidu.QRCodeTests;
				PRODUCT_NAME = "$(TARGET_NAME)";
				TEST_HOST = "$(BUILT_PRODUCTS_DIR)/QRCode.app/QRCode";
			};
			name = Debug;
		};
		5F238AFA1CBCE45900CAE162 /* Release */ = {
			isa = XCBuildConfiguration;
			buildSettings = {
				BUNDLE_LOADER = "$(TEST_HOST)";
				INFOPLIST_FILE = QRCodeTests/Info.plist;
				LD_RUNPATH_SEARCH_PATHS = "$(inherited) @executable_path/Frameworks @loader_path/Frameworks";
				PRODUCT_BUNDLE_IDENTIFIER = com.baidu.QRCodeTests;
				PRODUCT_NAME = "$(TARGET_NAME)";
				TEST_HOST = "$(BUILT_PRODUCTS_DIR)/QRCode.app/QRCode";
			};
			name = Release;
		};
		5F238AFC1CBCE45900CAE162 /* Debug */ = {
			isa = XCBuildConfiguration;
			buildSettings = {
				INFOPLIST_FILE = QRCodeUITests/Info.plist;
				LD_RUNPATH_SEARCH_PATHS = "$(inherited) @executable_path/Frameworks @loader_path/Frameworks";
				PRODUCT_BUNDLE_IDENTIFIER = com.baidu.QRCodeUITests;
				PRODUCT_NAME = "$(TARGET_NAME)";
				TEST_TARGET_NAME = QRCode;
			};
			name = Debug;
		};
		5F238AFD1CBCE45900CAE162 /* Release */ = {
			isa = XCBuildConfiguration;
			buildSettings = {
				INFOPLIST_FILE = QRCodeUITests/Info.plist;
				LD_RUNPATH_SEARCH_PATHS = "$(inherited) @executable_path/Frameworks @loader_path/Frameworks";
				PRODUCT_BUNDLE_IDENTIFIER = com.baidu.QRCodeUITests;
				PRODUCT_NAME = "$(TARGET_NAME)";
				TEST_TARGET_NAME = QRCode;
			};
			name = Release;
		};
/* End XCBuildConfiguration section */

/* Begin XCConfigurationList section */
		5F238AC31CBCE45800CAE162 /* Build configuration list for PBXProject "QRCode" */ = {
			isa = XCConfigurationList;
			buildConfigurations = (
				5F238AF31CBCE45900CAE162 /* Debug */,
				5F238AF41CBCE45900CAE162 /* Release */,
			);
			defaultConfigurationIsVisible = 0;
			defaultConfigurationName = Release;
		};
		5F238AF51CBCE45900CAE162 /* Build configuration list for PBXNativeTarget "QRCode" */ = {
			isa = XCConfigurationList;
			buildConfigurations = (
				5F238AF61CBCE45900CAE162 /* Debug */,
				5F238AF71CBCE45900CAE162 /* Release */,
			);
			defaultConfigurationIsVisible = 0;
		};
		5F238AF81CBCE45900CAE162 /* Build configuration list for PBXNativeTarget "QRCodeTests" */ = {
			isa = XCConfigurationList;
			buildConfigurations = (
				5F238AF91CBCE45900CAE162 /* Debug */,
				5F238AFA1CBCE45900CAE162 /* Release */,
			);
			defaultConfigurationIsVisible = 0;
		};
		5F238AFB1CBCE45900CAE162 /* Build configuration list for PBXNativeTarget "QRCodeUITests" */ = {
			isa = XCConfigurationList;
			buildConfigurations = (
				5F238AFC1CBCE45900CAE162 /* Debug */,
				5F238AFD1CBCE45900CAE162 /* Release */,
			);
			defaultConfigurationIsVisible = 0;
		};
/* End XCConfigurationList section */
	};
	rootObject = 5F238AC01CBCE45800CAE162 /* Project object */;
}
